
Microsoft Visual Studio Solution File, Format Version 12.00
# Visual Studio Version 16
VisualStudioVersion = 16.0.29905.134
MinimumVisualStudioVersion = 10.0.40219.1
Project("{FAE04EC0-301F-11D3-BF4B-00C04F79EFBC}") = "PersonalSite", "PersonalSite.csproj", "{39884C46-BF32-43E9-AA1D-6DAEC70E3F5B}"
EndProject
Global
	GlobalSection(SolutionConfigurationPlatforms) = preSolution
		Debug|Any CPU = Debug|Any CPU
		Release|Any CPU = Release|Any CPU
	EndGlobalSection
	GlobalSection(ProjectConfigurationPlatforms) = postSolution
		{39884C46-BF32-43E9-AA1D-6DAEC70E3F5B}.Debug|Any CPU.ActiveCfg = Debug|Any CPU
		{39884C46-BF32-43E9-AA1D-6DAEC70E3F5B}.Debug|Any CPU.Build.0 = Debug|Any CPU
		{39884C46-BF32-43E9-AA1D-6DAEC70E3F5B}.Release|Any CPU.ActiveCfg = Release|Any CPU
		{39884C46-BF32-43E9-AA1D-6DAEC70E3F5B}.Release|Any CPU.Build.0 = Release|Any CPU
	EndGlobalSection
	GlobalSection(SolutionProperties) = preSolution
		HideSolutionNode = FALSE
	EndGlobalSection
	GlobalSection(ExtensibilityGlobals) = postSolution
		SolutionGuid = {2139ABB0-0B7F-4114-9112-FA464B1788B8}
	EndGlobalSection
EndGlobal
